github.com/fatih/color v1.15.0 h1:kOqh6YHBtK8aywxGerMG2Eq3H6Qgoqeo13Bk2Mv/nBs=
github.com/fatih/color v1.15.0/go.mod h1:0h5ZqXfHYED7Bhv2ZJamyIOUej9KtShiJESRwBDUSsw=
github.com/gosuri/uilive v0.0.4 h1:hUEBpQDj8D8jXgtCdBu7sWsy5sbW/5GhuO8KBwJ2jyY=
github.com/gosuri/uilive v0.0.4/go.mod h1:V/epo5LjjlDE5RJUcqx8dbw+zc93y5Ya3yg8tfZ74VI=
github.com/leaanthony/go-ansi-parser v1.6.0 h1:T8TuMhFB6TUMIUm0oRrSbgJudTFw9csT3ZK09w0t4Pg=
github.com/leaanthony/go-ansi-parser v1.6.0/go.mod h1:+vva/2y4alzVmmIEpk9QDhA7vLC5zKDTRwfZGOp3IWU=
github.com/matryer/is v1.4.0 h1:sosSmIWwkYITGrxZ25ULNDeKiMNzFSr4V/eqBQP0PeE=
github.com/matryer/is v1.4.0/go.mod h1:8I/i5uYgLzgsgEloJE1U6xx5HkBQpAZvepWuujKwMRU=
github.com/mattn/go-colorable v0.1.13 h1:fFA4WZxdEF4tXPZVKMLwD8oUnCTTo08duU7wxecdEvA=
github.com/mattn/go-colorable v0.1.13/go.mod h1:7S9/ev0klgBDR4GtXTXX8a3vIGJpMovkB8vQcUbaXHg=
github.com/mattn/go-isatty v0.0.16/go.mod h1:kYGgaQfpe5nmfYZH+SKPsOc2e4SrIfOl2e/yFXSvRLM=
github.com/mattn/go-isatty v0.0.17 h1:BTarxUcIeDqL27Mc+vyvdWYSL28zpIhv3RoTdsLMPng=
github.com/mattn/go-isatty v0.0.17/go.mod h1:kYGgaQfpe5nmfYZH+SKPsOc2e4SrIfOl2e/yFXSvRLM=
github.com/rivo/uniseg v0.2.0 h1:S1pD9weZBuJdFmowNwbpi7BJ8TNftyUImj/0WQi72jY=
github.com/rivo/uniseg v0.2.0/go.mod h1:J6wj4VEh+S6ZtnVlnTBMWIodfgj8LQOQFoIToxlJtxc=
github.com/vendelin8/keyboard v0.0.0-20230418124109-fd5dc2080e2c h1:DD107zdfdZhpdVYxrNUoI8K0AY30pFosOMGQZYTc2ys=
github.com/vendelin8/keyboard v0.0.0-20230418124109-fd5dc2080e2c/go.mod h1:SLRJ8A7O9ci4CGY0yUWtAe4JL6SSrM31xrdWs9kkPO0=
golang.org/x/sys v0.0.0-20220811171246-fbc7d0a398ab/go.mod h1:oPkhp1MJrh7nUepCBck5+mAzfO9JrbApNNgaTdGDITg=
golang.org/x/sys v0.7.0 h1:3jlCCIQZPdOYu1h8BkNvLz8Kgwtae2cagcG/VamtZRU=
golang.org/x/sys v0.7.0/go.mod h1:oPkhp1MJrh7nUepCBck5+mAzfO9JrbApNNgaTdGDITg=
